{
  "pins" : [
    {
      "identity" : "networking",
      "kind" : "remoteSourceControl",
      "location" : "https://github.com/usman-pucit/Networking",
      "state" : {
        "branch" : "main",
        "revision" : "36005104a0d7eb01aaeeb7801aa000a8b3bb6a80"
      }
    }
  ],
  "version" : 2
}
