{
  "pins" : [
    {
      "identity" : "networking",
      "kind" : "remoteSourceControl",
      "location" : "https://github.com/usman-pucit/Networking",
      "state" : {
        "branch" : "main",
        "revision" : "58d5fe010b6fa1b50a100d7fbdc64615a5e7d7d5"
      }
    }
  ],
  "version" : 2
}
